// !$*UTF8*$!
{
	archiveVersion = 1;
	classes = {
	};
	objectVersion = 50;
	objects = {

/* Begin PBXBuildFile section */
		B235D399248B3A7800B42348 /* TransactionAnalyzer.swift in Sources */ = {isa = PBXBuildFile; fileRef = B235D398248B3A7800B42348 /* TransactionAnalyzer.swift */; };
		B235D39B248C4A5400B42348 /* TransactionDataBaseConfigurator.swift in Sources */ = {isa = PBXBuildFile; fileRef = B235D39A248C4A5400B42348 /* TransactionDataBaseConfigurator.swift */; };
		B235D39C248C59D800B42348 /* TransactionAnalyzer.swift in Sources */ = {isa = PBXBuildFile; fileRef = B235D398248B3A7800B42348 /* TransactionAnalyzer.swift */; };
		B235D39D248C5C9E00B42348 /* PaymentMethod.swift in Sources */ = {isa = PBXBuildFile; fileRef = B26DBB652488615F00661B1C /* PaymentMethod.swift */; };
		B235D39E248C61DA00B42348 /* TransactionDataBaseConfigurator.swift in Sources */ = {isa = PBXBuildFile; fileRef = B235D39A248C4A5400B42348 /* TransactionDataBaseConfigurator.swift */; };
		B235D3A5248C64E500B42348 /* XibInstaceable.swift in Sources */ = {isa = PBXBuildFile; fileRef = B24608D024869DBD00686B13 /* XibInstaceable.swift */; };
		B235D3A6248C66E000B42348 /* ImportData.swift in Sources */ = {isa = PBXBuildFile; fileRef = B26DBB7F2488834000661B1C /* ImportData.swift */; };
		B235D3A7248C66E300B42348 /* FileImporter.swift in Sources */ = {isa = PBXBuildFile; fileRef = B26DBB812488834C00661B1C /* FileImporter.swift */; };
		B235D3A8248C66E500B42348 /* FileExporter.swift in Sources */ = {isa = PBXBuildFile; fileRef = B26DBB822488834C00661B1C /* FileExporter.swift */; };
		B235D3A9248C66EB00B42348 /* FileImportable.swift in Sources */ = {isa = PBXBuildFile; fileRef = B26DBB672488622B00661B1C /* FileImportable.swift */; };
		B235D3AA248C66EE00B42348 /* IFileExportable.swift in Sources */ = {isa = PBXBuildFile; fileRef = B26DBB6A2488628000661B1C /* IFileExportable.swift */; };
		B235D3AC248DD36E00B42348 /* CircleChartVeiwLayout.xib in Resources */ = {isa = PBXBuildFile; fileRef = B235D3AB248DD36E00B42348 /* CircleChartVeiwLayout.xib */; };
		B2421D7324A885BE00EA5950 /* CircleChartView_LegendView.swift in Sources */ = {isa = PBXBuildFile; fileRef = B2869CA324A5A42F009E3A5D /* CircleChartView_LegendView.swift */; };
		B2421D7424A885BF00EA5950 /* CircleChartView_LegendView.swift in Sources */ = {isa = PBXBuildFile; fileRef = B2869CA324A5A42F009E3A5D /* CircleChartView_LegendView.swift */; };
		B24608D124869DBD00686B13 /* XibInstaceable.swift in Sources */ = {isa = PBXBuildFile; fileRef = B24608D024869DBD00686B13 /* XibInstaceable.swift */; };
		B24CBCD82490CCE0006AA41A /* PeriodicTransactionAnalyzer.swift in Sources */ = {isa = PBXBuildFile; fileRef = B24CBCD72490CCE0006AA41A /* PeriodicTransactionAnalyzer.swift */; };
		B24CBCDA2490DD89006AA41A /* WeeklyTransactionAnalyzer.swift in Sources */ = {isa = PBXBuildFile; fileRef = B24CBCD92490DD88006AA41A /* WeeklyTransactionAnalyzer.swift */; };
		B24CBCDC24911CAA006AA41A /* MonthlyTransactionAnalyzer.swift in Sources */ = {isa = PBXBuildFile; fileRef = B24CBCDB24911CAA006AA41A /* MonthlyTransactionAnalyzer.swift */; };
		B24CBCDD2491BDA5006AA41A /* WeeklyTransactionAnalyzer.swift in Sources */ = {isa = PBXBuildFile; fileRef = B24CBCD92490DD88006AA41A /* WeeklyTransactionAnalyzer.swift */; };
		B24CBCDE2491BDA8006AA41A /* MonthlyTransactionAnalyzer.swift in Sources */ = {isa = PBXBuildFile; fileRef = B24CBCDB24911CAA006AA41A /* MonthlyTransactionAnalyzer.swift */; };
		B24CBCDF2491BDAB006AA41A /* PeriodicTransactionAnalyzer.swift in Sources */ = {isa = PBXBuildFile; fileRef = B24CBCD72490CCE0006AA41A /* PeriodicTransactionAnalyzer.swift */; };
		B255C7992487087E00CF21A1 /* StatisticsViewController.swift in Sources */ = {isa = PBXBuildFile; fileRef = B255C7982487087E00CF21A1 /* StatisticsViewController.swift */; };
		B255C79C248708BE00CF21A1 /* StatisticsViewLayout.xib in Resources */ = {isa = PBXBuildFile; fileRef = B255C79B248708BE00CF21A1 /* StatisticsViewLayout.xib */; };
		B255C79F248709D000CF21A1 /* JournalViewLayout.xib in Resources */ = {isa = PBXBuildFile; fileRef = B255C79E248709D000CF21A1 /* JournalViewLayout.xib */; };
		B255C7A1248709E500CF21A1 /* JournalViewController.swift in Sources */ = {isa = PBXBuildFile; fileRef = B255C7A0248709E500CF21A1 /* JournalViewController.swift */; };
		B255C7A42487165D00CF21A1 /* ItemEditorWindow.xib in Resources */ = {isa = PBXBuildFile; fileRef = B255C7A32487165D00CF21A1 /* ItemEditorWindow.xib */; };
		B255C7A52487165D00CF21A1 /* ItemEditorWindow.xib in Resources */ = {isa = PBXBuildFile; fileRef = B255C7A32487165D00CF21A1 /* ItemEditorWindow.xib */; };
		B255C7A72487382400CF21A1 /* ItemEditorViewController.swift in Sources */ = {isa = PBXBuildFile; fileRef = B255C7A62487382400CF21A1 /* ItemEditorViewController.swift */; };
		B255C7AA24873A6200CF21A1 /* ItemEditorWindowController.swift in Sources */ = {isa = PBXBuildFile; fileRef = B255C7A924873A6200CF21A1 /* ItemEditorWindowController.swift */; };
		B255C7B02487480D00CF21A1 /* TransactionDataBase.swift in Sources */ = {isa = PBXBuildFile; fileRef = B255C7AF2487480D00CF21A1 /* TransactionDataBase.swift */; };
		B255C7B12487480D00CF21A1 /* TransactionDataBase.swift in Sources */ = {isa = PBXBuildFile; fileRef = B255C7AF2487480D00CF21A1 /* TransactionDataBase.swift */; };
		B255C7B42487486E00CF21A1 /* Transaction.swift in Sources */ = {isa = PBXBuildFile; fileRef = B255C7B32487486E00CF21A1 /* Transaction.swift */; };
		B255C7B52487486F00CF21A1 /* Transaction.swift in Sources */ = {isa = PBXBuildFile; fileRef = B255C7B32487486E00CF21A1 /* Transaction.swift */; };
		B255C7B72487523600CF21A1 /* AccountsTitle.swift in Sources */ = {isa = PBXBuildFile; fileRef = B255C7B62487523600CF21A1 /* AccountsTitle.swift */; };
		B255C7B82487523600CF21A1 /* AccountsTitle.swift in Sources */ = {isa = PBXBuildFile; fileRef = B255C7B62487523600CF21A1 /* AccountsTitle.swift */; };
		B26DBB662488615F00661B1C /* PaymentMethod.swift in Sources */ = {isa = PBXBuildFile; fileRef = B26DBB652488615F00661B1C /* PaymentMethod.swift */; };
		B26DBB682488622B00661B1C /* FileImportable.swift in Sources */ = {isa = PBXBuildFile; fileRef = B26DBB672488622B00661B1C /* FileImportable.swift */; };
		B26DBB6B2488628000661B1C /* IFileExportable.swift in Sources */ = {isa = PBXBuildFile; fileRef = B26DBB6A2488628000661B1C /* IFileExportable.swift */; };
		B26DBB802488834000661B1C /* ImportData.swift in Sources */ = {isa = PBXBuildFile; fileRef = B26DBB7F2488834000661B1C /* ImportData.swift */; };
		B26DBB832488834C00661B1C /* FileImporter.swift in Sources */ = {isa = PBXBuildFile; fileRef = B26DBB812488834C00661B1C /* FileImporter.swift */; };
		B26DBB842488834C00661B1C /* FileExporter.swift in Sources */ = {isa = PBXBuildFile; fileRef = B26DBB822488834C00661B1C /* FileExporter.swift */; };
		B26DBB862489BAAA00661B1C /* ItemEditorViewDelegate.swift in Sources */ = {isa = PBXBuildFile; fileRef = B26DBB852489BAAA00661B1C /* ItemEditorViewDelegate.swift */; };
		B2869CA024A560CA009E3A5D /* CircleChartViewChartView.swift in Sources */ = {isa = PBXBuildFile; fileRef = B2869C9F24A560CA009E3A5D /* CircleChartViewChartView.swift */; };
		B2869CA124A56D30009E3A5D /* CircleChartViewChartView.swift in Sources */ = {isa = PBXBuildFile; fileRef = B2869C9F24A560CA009E3A5D /* CircleChartViewChartView.swift */; };
		B2869CA224A56D54009E3A5D /* CircleChartViewChartView.swift in Sources */ = {isa = PBXBuildFile; fileRef = B2869C9F24A560CA009E3A5D /* CircleChartViewChartView.swift */; };
		B2869CA424A5A42F009E3A5D /* CircleChartView_LegendView.swift in Sources */ = {isa = PBXBuildFile; fileRef = B2869CA324A5A42F009E3A5D /* CircleChartView_LegendView.swift */; };
		B2869CA924A63AE7009E3A5D /* BarChartView.xib in Resources */ = {isa = PBXBuildFile; fileRef = B2869CA824A63AE7009E3A5D /* BarChartView.xib */; };
		B288873B24B67D8500689879 /* BarChartView.swift in Sources */ = {isa = PBXBuildFile; fileRef = B288873A24B67D8500689879 /* BarChartView.swift */; };
		B288873D24B6809A00689879 /* BarChartView_ChartView.swift in Sources */ = {isa = PBXBuildFile; fileRef = B288873C24B6809A00689879 /* BarChartView_ChartView.swift */; };
		B288873F24B75B6700689879 /* BarChartView_YLabelView.swift in Sources */ = {isa = PBXBuildFile; fileRef = B288873E24B75B6700689879 /* BarChartView_YLabelView.swift */; };
		B288874124B75B7D00689879 /* BarChartView_XLableView.swift in Sources */ = {isa = PBXBuildFile; fileRef = B288874024B75B7D00689879 /* BarChartView_XLableView.swift */; };
		B29049D624855E7200DA9569 /* AppDelegate.swift in Sources */ = {isa = PBXBuildFile; fileRef = B29049D524855E7200DA9569 /* AppDelegate.swift */; };
		B29049D824855E7500DA9569 /* Assets.xcassets in Resources */ = {isa = PBXBuildFile; fileRef = B29049D724855E7500DA9569 /* Assets.xcassets */; };
		B29049DB24855E7500DA9569 /* MainWindow.xib in Resources */ = {isa = PBXBuildFile; fileRef = B29049D924855E7500DA9569 /* MainWindow.xib */; };
		B29049E724855E7500DA9569 /* BenefitManagerTests.swift in Sources */ = {isa = PBXBuildFile; fileRef = B29049E624855E7500DA9569 /* BenefitManagerTests.swift */; };
		B29049F224855E7500DA9569 /* BenefitManagerUITests.swift in Sources */ = {isa = PBXBuildFile; fileRef = B29049F124855E7500DA9569 /* BenefitManagerUITests.swift */; };
		B2904A0024855EEA00DA9569 /* OverviewViewLayout.xib in Resources */ = {isa = PBXBuildFile; fileRef = B29049FF24855EEA00DA9569 /* OverviewViewLayout.xib */; };
		B2904A0124855EEA00DA9569 /* OverviewViewLayout.xib in Resources */ = {isa = PBXBuildFile; fileRef = B29049FF24855EEA00DA9569 /* OverviewViewLayout.xib */; };
		B2904A032485622100DA9569 /* CircleChartView.swift in Sources */ = {isa = PBXBuildFile; fileRef = B2904A022485622100DA9569 /* CircleChartView.swift */; };
		B2904A042485622100DA9569 /* CircleChartView.swift in Sources */ = {isa = PBXBuildFile; fileRef = B2904A022485622100DA9569 /* CircleChartView.swift */; };
		B2904A052485622100DA9569 /* CircleChartView.swift in Sources */ = {isa = PBXBuildFile; fileRef = B2904A022485622100DA9569 /* CircleChartView.swift */; };
		B2904A072485627100DA9569 /* OverviewViewController.swift in Sources */ = {isa = PBXBuildFile; fileRef = B2904A062485627000DA9569 /* OverviewViewController.swift */; };
		B2904A0F2485B93600DA9569 /* MainViewController.swift in Sources */ = {isa = PBXBuildFile; fileRef = B2904A0E2485B93600DA9569 /* MainViewController.swift */; };
		B2904A1C2485F48A00DA9569 /* MenuTableItemView.xib in Resources */ = {isa = PBXBuildFile; fileRef = B2904A1B2485F48A00DA9569 /* MenuTableItemView.xib */; };
		B2904A1D2485F48A00DA9569 /* MenuTableItemView.xib in Resources */ = {isa = PBXBuildFile; fileRef = B2904A1B2485F48A00DA9569 /* MenuTableItemView.xib */; };
		B2904A1E2485F48A00DA9569 /* MenuTableItemView.xib in Resources */ = {isa = PBXBuildFile; fileRef = B2904A1B2485F48A00DA9569 /* MenuTableItemView.xib */; };
		B2904A202485F56E00DA9569 /* MenuTableItemViewController.swift in Sources */ = {isa = PBXBuildFile; fileRef = B2904A1F2485F56E00DA9569 /* MenuTableItemViewController.swift */; };
		B2904A2D2486817500DA9569 /* MainWindowController.swift in Sources */ = {isa = PBXBuildFile; fileRef = B2904A2C2486817500DA9569 /* MainWindowController.swift */; };
/* End PBXBuildFile section */

/* Begin PBXContainerItemProxy section */
		B29049E324855E7500DA9569 /* PBXContainerItemProxy */ = {
			isa = PBXContainerItemProxy;
			containerPortal = B29049CA24855E7200DA9569 /* Project object */;
			proxyType = 1;
			remoteGlobalIDString = B29049D124855E7200DA9569;
			remoteInfo = BenefitManager;
		};
		B29049EE24855E7500DA9569 /* PBXContainerItemProxy */ = {
			isa = PBXContainerItemProxy;
			containerPortal = B29049CA24855E7200DA9569 /* Project object */;
			proxyType = 1;
			remoteGlobalIDString = B29049D124855E7200DA9569;
			remoteInfo = BenefitManager;
		};
/* End PBXContainerItemProxy section */

/* Begin PBXFileReference section */
		B235D398248B3A7800B42348 /* TransactionAnalyzer.swift */ = {isa = PBXFileReference; lastKnownFileType = sourcecode.swift; path = TransactionAnalyzer.swift; sourceTree = "<group>"; };
		B235D39A248C4A5400B42348 /* TransactionDataBaseConfigurator.swift */ = {isa = PBXFileReference; lastKnownFileType = sourcecode.swift; path = TransactionDataBaseConfigurator.swift; sourceTree = "<group>"; };
		B235D3AB248DD36E00B42348 /* CircleChartVeiwLayout.xib */ = {isa = PBXFileReference; lastKnownFileType = file.xib; path = CircleChartVeiwLayout.xib; sourceTree = "<group>"; };
		B24608D024869DBD00686B13 /* XibInstaceable.swift */ = {isa = PBXFileReference; lastKnownFileType = sourcecode.swift; path = XibInstaceable.swift; sourceTree = SOURCE_ROOT; };
		B24CBCD72490CCE0006AA41A /* PeriodicTransactionAnalyzer.swift */ = {isa = PBXFileReference; lastKnownFileType = sourcecode.swift; path = PeriodicTransactionAnalyzer.swift; sourceTree = "<group>"; };
		B24CBCD92490DD88006AA41A /* WeeklyTransactionAnalyzer.swift */ = {isa = PBXFileReference; lastKnownFileType = sourcecode.swift; path = WeeklyTransactionAnalyzer.swift; sourceTree = "<group>"; };
		B24CBCDB24911CAA006AA41A /* MonthlyTransactionAnalyzer.swift */ = {isa = PBXFileReference; lastKnownFileType = sourcecode.swift; path = MonthlyTransactionAnalyzer.swift; sourceTree = "<group>"; };
		B255C7982487087E00CF21A1 /* StatisticsViewController.swift */ = {isa = PBXFileReference; lastKnownFileType = sourcecode.swift; path = StatisticsViewController.swift; sourceTree = "<group>"; };
		B255C79B248708BE00CF21A1 /* StatisticsViewLayout.xib */ = {isa = PBXFileReference; lastKnownFileType = file.xib; path = StatisticsViewLayout.xib; sourceTree = SOURCE_ROOT; };
		B255C79E248709D000CF21A1 /* JournalViewLayout.xib */ = {isa = PBXFileReference; lastKnownFileType = file.xib; path = JournalViewLayout.xib; sourceTree = "<group>"; };
		B255C7A0248709E500CF21A1 /* JournalViewController.swift */ = {isa = PBXFileReference; lastKnownFileType = sourcecode.swift; path = JournalViewController.swift; sourceTree = "<group>"; };
		B255C7A32487165D00CF21A1 /* ItemEditorWindow.xib */ = {isa = PBXFileReference; lastKnownFileType = file.xib; path = ItemEditorWindow.xib; sourceTree = "<group>"; };
		B255C7A62487382400CF21A1 /* ItemEditorViewController.swift */ = {isa = PBXFileReference; lastKnownFileType = sourcecode.swift; path = ItemEditorViewController.swift; sourceTree = "<group>"; };
		B255C7A924873A6200CF21A1 /* ItemEditorWindowController.swift */ = {isa = PBXFileReference; lastKnownFileType = sourcecode.swift; path = ItemEditorWindowController.swift; sourceTree = "<group>"; };
		B255C7AF2487480D00CF21A1 /* TransactionDataBase.swift */ = {isa = PBXFileReference; lastKnownFileType = sourcecode.swift; name = TransactionDataBase.swift; path = BenefitManager/TransactionManagement/TransactionDataBase.swift; sourceTree = SOURCE_ROOT; };
		B255C7B32487486E00CF21A1 /* Transaction.swift */ = {isa = PBXFileReference; lastKnownFileType = sourcecode.swift; path = Transaction.swift; sourceTree = "<group>"; };
		B255C7B62487523600CF21A1 /* AccountsTitle.swift */ = {isa = PBXFileReference; lastKnownFileType = sourcecode.swift; path = AccountsTitle.swift; sourceTree = "<group>"; };
		B26DBB652488615F00661B1C /* PaymentMethod.swift */ = {isa = PBXFileReference; lastKnownFileType = sourcecode.swift; path = PaymentMethod.swift; sourceTree = "<group>"; };
		B26DBB672488622B00661B1C /* FileImportable.swift */ = {isa = PBXFileReference; fileEncoding = 4; lastKnownFileType = sourcecode.swift; path = FileImportable.swift; sourceTree = "<group>"; };
		B26DBB6A2488628000661B1C /* IFileExportable.swift */ = {isa = PBXFileReference; fileEncoding = 4; lastKnownFileType = sourcecode.swift; path = IFileExportable.swift; sourceTree = "<group>"; };
		B26DBB7F2488834000661B1C /* ImportData.swift */ = {isa = PBXFileReference; fileEncoding = 4; lastKnownFileType = sourcecode.swift; path = ImportData.swift; sourceTree = "<group>"; };
		B26DBB812488834C00661B1C /* FileImporter.swift */ = {isa = PBXFileReference; fileEncoding = 4; lastKnownFileType = sourcecode.swift; path = FileImporter.swift; sourceTree = "<group>"; };
		B26DBB822488834C00661B1C /* FileExporter.swift */ = {isa = PBXFileReference; fileEncoding = 4; lastKnownFileType = sourcecode.swift; path = FileExporter.swift; sourceTree = "<group>"; };
		B26DBB852489BAAA00661B1C /* ItemEditorViewDelegate.swift */ = {isa = PBXFileReference; lastKnownFileType = sourcecode.swift; path = ItemEditorViewDelegate.swift; sourceTree = "<group>"; };
		B2869C9F24A560CA009E3A5D /* CircleChartViewChartView.swift */ = {isa = PBXFileReference; lastKnownFileType = sourcecode.swift; path = CircleChartViewChartView.swift; sourceTree = "<group>"; };
		B2869CA324A5A42F009E3A5D /* CircleChartView_LegendView.swift */ = {isa = PBXFileReference; lastKnownFileType = sourcecode.swift; path = CircleChartView_LegendView.swift; sourceTree = "<group>"; };
		B2869CA824A63AE7009E3A5D /* BarChartView.xib */ = {isa = PBXFileReference; lastKnownFileType = file.xib; path = BarChartView.xib; sourceTree = "<group>"; };
		B288873A24B67D8500689879 /* BarChartView.swift */ = {isa = PBXFileReference; lastKnownFileType = sourcecode.swift; path = BarChartView.swift; sourceTree = "<group>"; };
		B288873C24B6809A00689879 /* BarChartView_ChartView.swift */ = {isa = PBXFileReference; lastKnownFileType = sourcecode.swift; path = BarChartView_ChartView.swift; sourceTree = "<group>"; };
		B288873E24B75B6700689879 /* BarChartView_YLabelView.swift */ = {isa = PBXFileReference; lastKnownFileType = sourcecode.swift; path = BarChartView_YLabelView.swift; sourceTree = "<group>"; };
		B288874024B75B7D00689879 /* BarChartView_XLableView.swift */ = {isa = PBXFileReference; lastKnownFileType = sourcecode.swift; path = BarChartView_XLableView.swift; sourceTree = "<group>"; };
		B29049D224855E7200DA9569 /* BenefitManager.app */ = {isa = PBXFileReference; explicitFileType = wrapper.application; includeInIndex = 0; path = BenefitManager.app; sourceTree = BUILT_PRODUCTS_DIR; };
		B29049D524855E7200DA9569 /* AppDelegate.swift */ = {isa = PBXFileReference; lastKnownFileType = sourcecode.swift; path = AppDelegate.swift; sourceTree = "<group>"; };
		B29049D724855E7500DA9569 /* Assets.xcassets */ = {isa = PBXFileReference; lastKnownFileType = folder.assetcatalog; path = Assets.xcassets; sourceTree = "<group>"; };
		B29049DA24855E7500DA9569 /* Base */ = {isa = PBXFileReference; lastKnownFileType = file.xib; name = Base; path = Base.lproj/MainWindow.xib; sourceTree = "<group>"; };
		B29049DC24855E7500DA9569 /* Info.plist */ = {isa = PBXFileReference; lastKnownFileType = text.plist.xml; path = Info.plist; sourceTree = "<group>"; };
		B29049DD24855E7500DA9569 /* BenefitManager.entitlements */ = {isa = PBXFileReference; lastKnownFileType = text.plist.entitlements; path = BenefitManager.entitlements; sourceTree = "<group>"; };
		B29049E224855E7500DA9569 /* BenefitManagerTests.xctest */ = {isa = PBXFileReference; explicitFileType = wrapper.cfbundle; includeInIndex = 0; path = BenefitManagerTests.xctest; sourceTree = BUILT_PRODUCTS_DIR; };
		B29049E624855E7500DA9569 /* BenefitManagerTests.swift */ = {isa = PBXFileReference; lastKnownFileType = sourcecode.swift; path = BenefitManagerTests.swift; sourceTree = "<group>"; };
		B29049E824855E7500DA9569 /* Info.plist */ = {isa = PBXFileReference; lastKnownFileType = text.plist.xml; path = Info.plist; sourceTree = "<group>"; };
		B29049ED24855E7500DA9569 /* BenefitManagerUITests.xctest */ = {isa = PBXFileReference; explicitFileType = wrapper.cfbundle; includeInIndex = 0; path = BenefitManagerUITests.xctest; sourceTree = BUILT_PRODUCTS_DIR; };
		B29049F124855E7500DA9569 /* BenefitManagerUITests.swift */ = {isa = PBXFileReference; lastKnownFileType = sourcecode.swift; path = BenefitManagerUITests.swift; sourceTree = "<group>"; };
		B29049F324855E7500DA9569 /* Info.plist */ = {isa = PBXFileReference; lastKnownFileType = text.plist.xml; path = Info.plist; sourceTree = "<group>"; };
		B29049FF24855EEA00DA9569 /* OverviewViewLayout.xib */ = {isa = PBXFileReference; lastKnownFileType = file.xib; path = OverviewViewLayout.xib; sourceTree = "<group>"; };
		B2904A022485622100DA9569 /* CircleChartView.swift */ = {isa = PBXFileReference; fileEncoding = 4; lastKnownFileType = sourcecode.swift; path = CircleChartView.swift; sourceTree = "<group>"; };
		B2904A062485627000DA9569 /* OverviewViewController.swift */ = {isa = PBXFileReference; lastKnownFileType = sourcecode.swift; path = OverviewViewController.swift; sourceTree = "<group>"; };
		B2904A0E2485B93600DA9569 /* MainViewController.swift */ = {isa = PBXFileReference; lastKnownFileType = sourcecode.swift; path = MainViewController.swift; sourceTree = "<group>"; };
		B2904A1B2485F48A00DA9569 /* MenuTableItemView.xib */ = {isa = PBXFileReference; lastKnownFileType = file.xib; path = MenuTableItemView.xib; sourceTree = "<group>"; };
		B2904A1F2485F56E00DA9569 /* MenuTableItemViewController.swift */ = {isa = PBXFileReference; lastKnownFileType = sourcecode.swift; path = MenuTableItemViewController.swift; sourceTree = "<group>"; };
		B2904A2C2486817500DA9569 /* MainWindowController.swift */ = {isa = PBXFileReference; lastKnownFileType = sourcecode.swift; path = MainWindowController.swift; sourceTree = "<group>"; };
/* End PBXFileReference section */

/* Begin PBXFrameworksBuildPhase section */
		B29049CF24855E7200DA9569 /* Frameworks */ = {
			isa = PBXFrameworksBuildPhase;
			buildActionMask = 2147483647;
			files = (
			);
			runOnlyForDeploymentPostprocessing = 0;
		};
		B29049DF24855E7500DA9569 /* Frameworks */ = {
			isa = PBXFrameworksBuildPhase;
			buildActionMask = 2147483647;
			files = (
			);
			runOnlyForDeploymentPostprocessing = 0;
		};
		B29049EA24855E7500DA9569 /* Frameworks */ = {
			isa = PBXFrameworksBuildPhase;
			buildActionMask = 2147483647;
			files = (
			);
			runOnlyForDeploymentPostprocessing = 0;
		};
/* End PBXFrameworksBuildPhase section */

/* Begin PBXGroup section */
		B24608CD24868A4800686B13 /* MainWindow */ = {
			isa = PBXGroup;
			children = (
				B29049D924855E7500DA9569 /* MainWindow.xib */,
				B2904A2C2486817500DA9569 /* MainWindowController.swift */,
				B2904A0E2485B93600DA9569 /* MainViewController.swift */,
			);
			path = MainWindow;
			sourceTree = "<group>";
		};
		B255C79A2487089300CF21A1 /* Statistics */ = {
			isa = PBXGroup;
			children = (
				B255C79B248708BE00CF21A1 /* StatisticsViewLayout.xib */,
				B255C7982487087E00CF21A1 /* StatisticsViewController.swift */,
			);
			path = Statistics;
			sourceTree = "<group>";
		};
		B255C79D248709B800CF21A1 /* Journal */ = {
			isa = PBXGroup;
			children = (
				B255C79E248709D000CF21A1 /* JournalViewLayout.xib */,
				B255C7A0248709E500CF21A1 /* JournalViewController.swift */,
			);
			path = Journal;
			sourceTree = "<group>";
		};
		B255C7A22487162C00CF21A1 /* ItemEditor */ = {
			isa = PBXGroup;
			children = (
				B255C7A32487165D00CF21A1 /* ItemEditorWindow.xib */,
				B255C7A62487382400CF21A1 /* ItemEditorViewController.swift */,
				B255C7A924873A6200CF21A1 /* ItemEditorWindowController.swift */,
				B26DBB852489BAAA00661B1C /* ItemEditorViewDelegate.swift */,
			);
			path = ItemEditor;
			sourceTree = "<group>";
		};
		B255C7B22487485300CF21A1 /* TransactionManagement */ = {
			isa = PBXGroup;
			children = (
				B255C7AF2487480D00CF21A1 /* TransactionDataBase.swift */,
				B255C7B62487523600CF21A1 /* AccountsTitle.swift */,
				B255C7B32487486E00CF21A1 /* Transaction.swift */,
				B26DBB652488615F00661B1C /* PaymentMethod.swift */,
				B235D398248B3A7800B42348 /* TransactionAnalyzer.swift */,
				B24CBCD72490CCE0006AA41A /* PeriodicTransactionAnalyzer.swift */,
				B24CBCD92490DD88006AA41A /* WeeklyTransactionAnalyzer.swift */,
				B24CBCDB24911CAA006AA41A /* MonthlyTransactionAnalyzer.swift */,
			);
			path = TransactionManagement;
			sourceTree = "<group>";
		};
		B26DBB692488623D00661B1C /* FileIO */ = {
			isa = PBXGroup;
			children = (
				B26DBB6A2488628000661B1C /* IFileExportable.swift */,
				B26DBB672488622B00661B1C /* FileImportable.swift */,
				B26DBB822488834C00661B1C /* FileExporter.swift */,
				B26DBB812488834C00661B1C /* FileImporter.swift */,
				B26DBB7F2488834000661B1C /* ImportData.swift */,
			);
			path = FileIO;
			sourceTree = "<group>";
		};
		B2869CA524A63638009E3A5D /* CircleChartView */ = {
			isa = PBXGroup;
			children = (
				B235D3AB248DD36E00B42348 /* CircleChartVeiwLayout.xib */,
				B2869CA324A5A42F009E3A5D /* CircleChartView_LegendView.swift */,
				B2869C9F24A560CA009E3A5D /* CircleChartViewChartView.swift */,
				B2904A022485622100DA9569 /* CircleChartView.swift */,
			);
			path = CircleChartView;
			sourceTree = "<group>";
		};
		B2869CA724A63AA9009E3A5D /* SingleBarChartView */ = {
			isa = PBXGroup;
			children = (
				B2869CA824A63AE7009E3A5D /* BarChartView.xib */,
				B288873C24B6809A00689879 /* BarChartView_ChartView.swift */,
				B288873E24B75B6700689879 /* BarChartView_YLabelView.swift */,
				B288874024B75B7D00689879 /* BarChartView_XLableView.swift */,
				B288873A24B67D8500689879 /* BarChartView.swift */,
			);
			path = SingleBarChartView;
			sourceTree = "<group>";
		};
		B29049C924855E7200DA9569 = {
			isa = PBXGroup;
			children = (
				B29049D424855E7200DA9569 /* BenefitManager */,
				B29049E524855E7500DA9569 /* BenefitManagerTests */,
				B29049F024855E7500DA9569 /* BenefitManagerUITests */,
				B29049D324855E7200DA9569 /* Products */,
			);
			sourceTree = "<group>";
		};
		B29049D324855E7200DA9569 /* Products */ = {
			isa = PBXGroup;
			children = (
				B29049D224855E7200DA9569 /* BenefitManager.app */,
				B29049E224855E7500DA9569 /* BenefitManagerTests.xctest */,
				B29049ED24855E7500DA9569 /* BenefitManagerUITests.xctest */,
			);
			name = Products;
			sourceTree = "<group>";
		};
		B29049D424855E7200DA9569 /* BenefitManager */ = {
			isa = PBXGroup;
			children = (
				B24608D024869DBD00686B13 /* XibInstaceable.swift */,
				B29049D524855E7200DA9569 /* AppDelegate.swift */,
				B235D39A248C4A5400B42348 /* TransactionDataBaseConfigurator.swift */,
				B29049D724855E7500DA9569 /* Assets.xcassets */,
				B255C7B22487485300CF21A1 /* TransactionManagement */,
				B26DBB692488623D00661B1C /* FileIO */,
				B24608CD24868A4800686B13 /* MainWindow */,
				B2904A232485F57800DA9569 /* MenuTableItem */,
				B2904A0D2485658300DA9569 /* Charts */,
				B2904A0C2485656C00DA9569 /* Overview */,
				B255C79A2487089300CF21A1 /* Statistics */,
				B255C79D248709B800CF21A1 /* Journal */,
				B255C7A22487162C00CF21A1 /* ItemEditor */,
				B29049DC24855E7500DA9569 /* Info.plist */,
				B29049DD24855E7500DA9569 /* BenefitManager.entitlements */,
			);
			path = BenefitManager;
			sourceTree = "<group>";
		};
		B29049E524855E7500DA9569 /* BenefitManagerTests */ = {
			isa = PBXGroup;
			children = (
				B29049E624855E7500DA9569 /* BenefitManagerTests.swift */,
				B29049E824855E7500DA9569 /* Info.plist */,
			);
			path = BenefitManagerTests;
			sourceTree = "<group>";
		};
		B29049F024855E7500DA9569 /* BenefitManagerUITests */ = {
			isa = PBXGroup;
			children = (
				B29049F124855E7500DA9569 /* BenefitManagerUITests.swift */,
				B29049F324855E7500DA9569 /* Info.plist */,
			);
			path = BenefitManagerUITests;
			sourceTree = "<group>";
		};
		B2904A0C2485656C00DA9569 /* Overview */ = {
			isa = PBXGroup;
			children = (
				B29049FF24855EEA00DA9569 /* OverviewViewLayout.xib */,
				B2904A062485627000DA9569 /* OverviewViewController.swift */,
			);
			path = Overview;
			sourceTree = "<group>";
		};
		B2904A0D2485658300DA9569 /* Charts */ = {
			isa = PBXGroup;
			children = (
				B2869CA724A63AA9009E3A5D /* SingleBarChartView */,
				B2869CA524A63638009E3A5D /* CircleChartView */,
			);
			path = Charts;
			sourceTree = "<group>";
		};
		B2904A232485F57800DA9569 /* MenuTableItem */ = {
			isa = PBXGroup;
			children = (
				B2904A1B2485F48A00DA9569 /* MenuTableItemView.xib */,
				B2904A1F2485F56E00DA9569 /* MenuTableItemViewController.swift */,
			);
			path = MenuTableItem;
			sourceTree = "<group>";
		};
/* End PBXGroup section */

/* Begin PBXNativeTarget section */
		B29049D124855E7200DA9569 /* BenefitManager */ = {
			isa = PBXNativeTarget;
			buildConfigurationList = B29049F624855E7500DA9569 /* Build configuration list for PBXNativeTarget "BenefitManager" */;
			buildPhases = (
				B29049CE24855E7200DA9569 /* Sources */,
				B29049CF24855E7200DA9569 /* Frameworks */,
				B29049D024855E7200DA9569 /* Resources */,
			);
			buildRules = (
			);
			dependencies = (
			);
			name = BenefitManager;
			productName = BenefitManager;
			productReference = B29049D224855E7200DA9569 /* BenefitManager.app */;
			productType = "com.apple.product-type.application";
		};
		B29049E124855E7500DA9569 /* BenefitManagerTests */ = {
			isa = PBXNativeTarget;
			buildConfigurationList = B29049F924855E7500DA9569 /* Build configuration list for PBXNativeTarget "BenefitManagerTests" */;
			buildPhases = (
				B29049DE24855E7500DA9569 /* Sources */,
				B29049DF24855E7500DA9569 /* Frameworks */,
				B29049E024855E7500DA9569 /* Resources */,
			);
			buildRules = (
			);
			dependencies = (
				B29049E424855E7500DA9569 /* PBXTargetDependency */,
			);
			name = BenefitManagerTests;
			productName = BenefitManagerTests;
			productReference = B29049E224855E7500DA9569 /* BenefitManagerTests.xctest */;
			productType = "com.apple.product-type.bundle.unit-test";
		};
		B29049EC24855E7500DA9569 /* BenefitManagerUITests */ = {
			isa = PBXNativeTarget;
			buildConfigurationList = B29049FC24855E7500DA9569 /* Build configuration list for PBXNativeTarget "BenefitManagerUITests" */;
			buildPhases = (
				B29049E924855E7500DA9569 /* Sources */,
				B29049EA24855E7500DA9569 /* Frameworks */,
				B29049EB24855E7500DA9569 /* Resources */,
			);
			buildRules = (
			);
			dependencies = (
				B29049EF24855E7500DA9569 /* PBXTargetDependency */,
			);
			name = BenefitManagerUITests;
			productName = BenefitManagerUITests;
			productReference = B29049ED24855E7500DA9569 /* BenefitManagerUITests.xctest */;
			productType = "com.apple.product-type.bundle.ui-testing";
		};
/* End PBXNativeTarget section */

/* Begin PBXProject section */
		B29049CA24855E7200DA9569 /* Project object */ = {
			isa = PBXProject;
			attributes = {
				LastSwiftUpdateCheck = 1140;
				LastUpgradeCheck = 1150;
				ORGANIZATIONNAME = "Kohei Konishi";
				TargetAttributes = {
					B29049D124855E7200DA9569 = {
						CreatedOnToolsVersion = 11.4.1;
					};
					B29049E124855E7500DA9569 = {
						CreatedOnToolsVersion = 11.4.1;
						TestTargetID = B29049D124855E7200DA9569;
					};
					B29049EC24855E7500DA9569 = {
						CreatedOnToolsVersion = 11.4.1;
						TestTargetID = B29049D124855E7200DA9569;
					};
				};
			};
			buildConfigurationList = B29049CD24855E7200DA9569 /* Build configuration list for PBXProject "BenefitManager" */;
			compatibilityVersion = "Xcode 9.3";
			developmentRegion = en;
			hasScannedForEncodings = 0;
			knownRegions = (
				en,
				Base,
			);
			mainGroup = B29049C924855E7200DA9569;
			productRefGroup = B29049D324855E7200DA9569 /* Products */;
			projectDirPath = "";
			projectRoot = "";
			targets = (
				B29049D124855E7200DA9569 /* BenefitManager */,
				B29049E124855E7500DA9569 /* BenefitManagerTests */,
				B29049EC24855E7500DA9569 /* BenefitManagerUITests */,
			);
		};
/* End PBXProject section */

/* Begin PBXResourcesBuildPhase section */
		B29049D024855E7200DA9569 /* Resources */ = {
			isa = PBXResourcesBuildPhase;
			buildActionMask = 2147483647;
			files = (
				B255C79F248709D000CF21A1 /* JournalViewLayout.xib in Resources */,
				B29049D824855E7500DA9569 /* Assets.xcassets in Resources */,
				B255C79C248708BE00CF21A1 /* StatisticsViewLayout.xib in Resources */,
				B255C7A42487165D00CF21A1 /* ItemEditorWindow.xib in Resources */,
				B29049DB24855E7500DA9569 /* MainWindow.xib in Resources */,
				B2904A1C2485F48A00DA9569 /* MenuTableItemView.xib in Resources */,
				B2904A0024855EEA00DA9569 /* OverviewViewLayout.xib in Resources */,
				B2869CA924A63AE7009E3A5D /* BarChartView.xib in Resources */,
				B235D3AC248DD36E00B42348 /* CircleChartVeiwLayout.xib in Resources */,
			);
			runOnlyForDeploymentPostprocessing = 0;
		};
		B29049E024855E7500DA9569 /* Resources */ = {
			isa = PBXResourcesBuildPhase;
			buildActionMask = 2147483647;
			files = (
				B2904A1D2485F48A00DA9569 /* MenuTableItemView.xib in Resources */,
			);
			runOnlyForDeploymentPostprocessing = 0;
		};
		B29049EB24855E7500DA9569 /* Resources */ = {
			isa = PBXResourcesBuildPhase;
			buildActionMask = 2147483647;
			files = (
				B2904A1E2485F48A00DA9569 /* MenuTableItemView.xib in Resources */,
				B255C7A52487165D00CF21A1 /* ItemEditorWindow.xib in Resources */,
				B2904A0124855EEA00DA9569 /* OverviewViewLayout.xib in Resources */,
			);
			runOnlyForDeploymentPostprocessing = 0;
		};
/* End PBXResourcesBuildPhase section */

/* Begin PBXSourcesBuildPhase section */
		B29049CE24855E7200DA9569 /* Sources */ = {
			isa = PBXSourcesBuildPhase;
			buildActionMask = 2147483647;
			files = (
				B288873F24B75B6700689879 /* BarChartView_YLabelView.swift in Sources */,
				B29049D624855E7200DA9569 /* AppDelegate.swift in Sources */,
				B255C7A1248709E500CF21A1 /* JournalViewController.swift in Sources */,
				B26DBB842488834C00661B1C /* FileExporter.swift in Sources */,
				B2904A032485622100DA9569 /* CircleChartView.swift in Sources */,
				B2904A2D2486817500DA9569 /* MainWindowController.swift in Sources */,
				B26DBB802488834000661B1C /* ImportData.swift in Sources */,
				B255C7A72487382400CF21A1 /* ItemEditorViewController.swift in Sources */,
				B26DBB832488834C00661B1C /* FileImporter.swift in Sources */,
				B255C7B42487486E00CF21A1 /* Transaction.swift in Sources */,
				B288873D24B6809A00689879 /* BarChartView_ChartView.swift in Sources */,
				B24CBCDA2490DD89006AA41A /* WeeklyTransactionAnalyzer.swift in Sources */,
				B288874124B75B7D00689879 /* BarChartView_XLableView.swift in Sources */,
				B2869CA424A5A42F009E3A5D /* CircleChartView_LegendView.swift in Sources */,
				B255C7AA24873A6200CF21A1 /* ItemEditorWindowController.swift in Sources */,
				B255C7992487087E00CF21A1 /* StatisticsViewController.swift in Sources */,
				B24CBCDC24911CAA006AA41A /* MonthlyTransactionAnalyzer.swift in Sources */,
				B26DBB682488622B00661B1C /* FileImportable.swift in Sources */,
				B235D399248B3A7800B42348 /* TransactionAnalyzer.swift in Sources */,
				B255C7B72487523600CF21A1 /* AccountsTitle.swift in Sources */,
				B26DBB662488615F00661B1C /* PaymentMethod.swift in Sources */,
				B26DBB6B2488628000661B1C /* IFileExportable.swift in Sources */,
				B255C7B02487480D00CF21A1 /* TransactionDataBase.swift in Sources */,
				B2904A0F2485B93600DA9569 /* MainViewController.swift in Sources */,
				B288873B24B67D8500689879 /* BarChartView.swift in Sources */,
				B2904A072485627100DA9569 /* OverviewViewController.swift in Sources */,
				B2904A202485F56E00DA9569 /* MenuTableItemViewController.swift in Sources */,
				B235D39B248C4A5400B42348 /* TransactionDataBaseConfigurator.swift in Sources */,
				B24CBCD82490CCE0006AA41A /* PeriodicTransactionAnalyzer.swift in Sources */,
				B2869CA024A560CA009E3A5D /* CircleChartViewChartView.swift in Sources */,
				B26DBB862489BAAA00661B1C /* ItemEditorViewDelegate.swift in Sources */,
				B24608D124869DBD00686B13 /* XibInstaceable.swift in Sources */,
			);
			runOnlyForDeploymentPostprocessing = 0;
		};
		B29049DE24855E7500DA9569 /* Sources */ = {
			isa = PBXSourcesBuildPhase;
			buildActionMask = 2147483647;
			files = (
				B255C7B82487523600CF21A1 /* AccountsTitle.swift in Sources */,
				B235D3AA248C66EE00B42348 /* IFileExportable.swift in Sources */,
				B235D3A5248C64E500B42348 /* XibInstaceable.swift in Sources */,
				B255C7B52487486F00CF21A1 /* Transaction.swift in Sources */,
				B24CBCDE2491BDA8006AA41A /* MonthlyTransactionAnalyzer.swift in Sources */,
				B24CBCDF2491BDAB006AA41A /* PeriodicTransactionAnalyzer.swift in Sources */,
				B29049E724855E7500DA9569 /* BenefitManagerTests.swift in Sources */,
				B235D39E248C61DA00B42348 /* TransactionDataBaseConfigurator.swift in Sources */,
				B235D39C248C59D800B42348 /* TransactionAnalyzer.swift in Sources */,
				B255C7B12487480D00CF21A1 /* TransactionDataBase.swift in Sources */,
				B235D3A7248C66E300B42348 /* FileImporter.swift in Sources */,
				B24CBCDD2491BDA5006AA41A /* WeeklyTransactionAnalyzer.swift in Sources */,
				B2904A042485622100DA9569 /* CircleChartView.swift in Sources */,
				B235D3A6248C66E000B42348 /* ImportData.swift in Sources */,
				B235D3A8248C66E500B42348 /* FileExporter.swift in Sources */,
				B2421D7324A885BE00EA5950 /* CircleChartView_LegendView.swift in Sources */,
				B2869CA224A56D54009E3A5D /* CircleChartViewChartView.swift in Sources */,
				B235D39D248C5C9E00B42348 /* PaymentMethod.swift in Sources */,
				B235D3A9248C66EB00B42348 /* FileImportable.swift in Sources */,
			);
			runOnlyForDeploymentPostprocessing = 0;
		};
		B29049E924855E7500DA9569 /* Sources */ = {
			isa = PBXSourcesBuildPhase;
			buildActionMask = 2147483647;
			files = (
				B2869CA124A56D30009E3A5D /* CircleChartViewChartView.swift in Sources */,
				B29049F224855E7500DA9569 /* BenefitManagerUITests.swift in Sources */,
				B2421D7424A885BF00EA5950 /* CircleChartView_LegendView.swift in Sources */,
				B2904A052485622100DA9569 /* CircleChartView.swift in Sources */,
			);
			runOnlyForDeploymentPostprocessing = 0;
		};
/* End PBXSourcesBuildPhase section */

/* Begin PBXTargetDependency section */
		B29049E424855E7500DA9569 /* PBXTargetDependency */ = {
			isa = PBXTargetDependency;
			target = B29049D124855E7200DA9569 /* BenefitManager */;
			targetProxy = B29049E324855E7500DA9569 /* PBXContainerItemProxy */;
		};
		B29049EF24855E7500DA9569 /* PBXTargetDependency */ = {
			isa = PBXTargetDependency;
			target = B29049D124855E7200DA9569 /* BenefitManager */;
			targetProxy = B29049EE24855E7500DA9569 /* PBXContainerItemProxy */;
		};
/* End PBXTargetDependency section */

/* Begin PBXVariantGroup section */
		B29049D924855E7500DA9569 /* MainWindow.xib */ = {
			isa = PBXVariantGroup;
			children = (
				B29049DA24855E7500DA9569 /* Base */,
			);
			name = MainWindow.xib;
			sourceTree = "<group>";
		};
/* End PBXVariantGroup section */

/* Begin XCBuildConfiguration section */
		B29049F424855E7500DA9569 /* Debug */ = {
			isa = XCBuildConfiguration;
			buildSettings = {
				ALWAYS_SEARCH_USER_PATHS = NO;
				CLANG_ANALYZER_NONNULL = YES;
				CLANG_ANALYZER_NUMBER_OBJECT_CONVERSION = YES_AGGRESSIVE;
				CLANG_CXX_LANGUAGE_STANDARD = "gnu++14";
				CLANG_CXX_LIBRARY = "libc++";
				CLANG_ENABLE_MODULES = YES;
				CLANG_ENABLE_OBJC_ARC = YES;
				CLANG_ENABLE_OBJC_WEAK = YES;
				CLANG_WARN_BLOCK_CAPTURE_AUTORELEASING = YES;
				CLANG_WARN_BOOL_CONVERSION = YES;
				CLANG_WARN_COMMA = YES;
				CLANG_WARN_CONSTANT_CONVERSION = YES;
				CLANG_WARN_DEPRECATED_OBJC_IMPLEMENTATIONS = YES;
				CLANG_WARN_DIRECT_OBJC_ISA_USAGE = YES_ERROR;
				CLANG_WARN_DOCUMENTATION_COMMENTS = YES;
				CLANG_WARN_EMPTY_BODY = YES;
				CLANG_WARN_ENUM_CONVERSION = YES;
				CLANG_WARN_INFINITE_RECURSION = YES;
				CLANG_WARN_INT_CONVERSION = YES;
				CLANG_WARN_NON_LITERAL_NULL_CONVERSION = YES;
				CLANG_WARN_OBJC_IMPLICIT_RETAIN_SELF = YES;
				CLANG_WARN_OBJC_LITERAL_CONVERSION = YES;
				CLANG_WARN_OBJC_ROOT_CLASS = YES_ERROR;
				CLANG_WARN_RANGE_LOOP_ANALYSIS = YES;
				CLANG_WARN_STRICT_PROTOTYPES = YES;
				CLANG_WARN_SUSPICIOUS_MOVE = YES;
				CLANG_WARN_UNGUARDED_AVAILABILITY = YES_AGGRESSIVE;
				CLANG_WARN_UNREACHABLE_CODE = YES;
				CLANG_WARN__DUPLICATE_METHOD_MATCH = YES;
				COPY_PHASE_STRIP = NO;
				DEBUG_INFORMATION_FORMAT = dwarf;
				ENABLE_STRICT_OBJC_MSGSEND = YES;
				ENABLE_TESTABILITY = YES;
				GCC_C_LANGUAGE_STANDARD = gnu11;
				GCC_DYNAMIC_NO_PIC = NO;
				GCC_NO_COMMON_BLOCKS = YES;
				GCC_OPTIMIZATION_LEVEL = 0;
				GCC_PREPROCESSOR_DEFINITIONS = (
					"DEBUG=1",
					"$(inherited)",
				);
				GCC_WARN_64_TO_32_BIT_CONVERSION = YES;
				GCC_WARN_ABOUT_RETURN_TYPE = YES_ERROR;
				GCC_WARN_UNDECLARED_SELECTOR = YES;
				GCC_WARN_UNINITIALIZED_AUTOS = YES_AGGRESSIVE;
				GCC_WARN_UNUSED_FUNCTION = YES;
				GCC_WARN_UNUSED_VARIABLE = YES;
				MACOSX_DEPLOYMENT_TARGET = 10.15;
				MTL_ENABLE_DEBUG_INFO = INCLUDE_SOURCE;
				MTL_FAST_MATH = YES;
				ONLY_ACTIVE_ARCH = YES;
				SDKROOT = macosx;
				SWIFT_ACTIVE_COMPILATION_CONDITIONS = DEBUG;
				SWIFT_OPTIMIZATION_LEVEL = "-Onone";
			};
			name = Debug;
		};
		B29049F524855E7500DA9569 /* Release */ = {
			isa = XCBuildConfiguration;
			buildSettings = {
				ALWAYS_SEARCH_USER_PATHS = NO;
				CLANG_ANALYZER_NONNULL = YES;
				CLANG_ANALYZER_NUMBER_OBJECT_CONVERSION = YES_AGGRESSIVE;
				CLANG_CXX_LANGUAGE_STANDARD = "gnu++14";
				CLANG_CXX_LIBRARY = "libc++";
				CLANG_ENABLE_MODULES = YES;
				CLANG_ENABLE_OBJC_ARC = YES;
				CLANG_ENABLE_OBJC_WEAK = YES;
				CLANG_WARN_BLOCK_CAPTURE_AUTORELEASING = YES;
				CLANG_WARN_BOOL_CONVERSION = YES;
				CLANG_WARN_COMMA = YES;
				CLANG_WARN_CONSTANT_CONVERSION = YES;
				CLANG_WARN_DEPRECATED_OBJC_IMPLEMENTATIONS = YES;
				CLANG_WARN_DIRECT_OBJC_ISA_USAGE = YES_ERROR;
				CLANG_WARN_DOCUMENTATION_COMMENTS = YES;
				CLANG_WARN_EMPTY_BODY = YES;
				CLANG_WARN_ENUM_CONVERSION = YES;
				CLANG_WARN_INFINITE_RECURSION = YES;
				CLANG_WARN_INT_CONVERSION = YES;
				CLANG_WARN_NON_LITERAL_NULL_CONVERSION = YES;
				CLANG_WARN_OBJC_IMPLICIT_RETAIN_SELF = YES;
				CLANG_WARN_OBJC_LITERAL_CONVERSION = YES;
				CLANG_WARN_OBJC_ROOT_CLASS = YES_ERROR;
				CLANG_WARN_RANGE_LOOP_ANALYSIS = YES;
				CLANG_WARN_STRICT_PROTOTYPES = YES;
				CLANG_WARN_SUSPICIOUS_MOVE = YES;
				CLANG_WARN_UNGUARDED_AVAILABILITY = YES_AGGRESSIVE;
				CLANG_WARN_UNREACHABLE_CODE = YES;
				CLANG_WARN__DUPLICATE_METHOD_MATCH = YES;
				COPY_PHASE_STRIP = NO;
				DEBUG_INFORMATION_FORMAT = "dwarf-with-dsym";
				ENABLE_NS_ASSERTIONS = NO;
				ENABLE_STRICT_OBJC_MSGSEND = YES;
				GCC_C_LANGUAGE_STANDARD = gnu11;
				GCC_NO_COMMON_BLOCKS = YES;
				GCC_WARN_64_TO_32_BIT_CONVERSION = YES;
				GCC_WARN_ABOUT_RETURN_TYPE = YES_ERROR;
				GCC_WARN_UNDECLARED_SELECTOR = YES;
				GCC_WARN_UNINITIALIZED_AUTOS = YES_AGGRESSIVE;
				GCC_WARN_UNUSED_FUNCTION = YES;
				GCC_WARN_UNUSED_VARIABLE = YES;
				MACOSX_DEPLOYMENT_TARGET = 10.15;
				MTL_ENABLE_DEBUG_INFO = NO;
				MTL_FAST_MATH = YES;
				SDKROOT = macosx;
				SWIFT_COMPILATION_MODE = wholemodule;
				SWIFT_OPTIMIZATION_LEVEL = "-O";
			};
			name = Release;
		};
		B29049F724855E7500DA9569 /* Debug */ = {
			isa = XCBuildConfiguration;
			buildSettings = {
				ASSETCATALOG_COMPILER_APPICON_NAME = AppIcon;
				CODE_SIGN_ENTITLEMENTS = BenefitManager/BenefitManager.entitlements;
				CODE_SIGN_IDENTITY = "-";
				CODE_SIGN_STYLE = Automatic;
				COMBINE_HIDPI_IMAGES = YES;
				DEVELOPMENT_TEAM = GM36ZRA62C;
				ENABLE_HARDENED_RUNTIME = YES;
				INFOPLIST_FILE = BenefitManager/Info.plist;
				LD_RUNPATH_SEARCH_PATHS = (
					"$(inherited)",
					"@executable_path/../Frameworks",
				);
				PRODUCT_BUNDLE_IDENTIFIER = PersonalSystem.BenefitManager;
				PRODUCT_NAME = "$(TARGET_NAME)";
				SWIFT_VERSION = 5.0;
			};
			name = Debug;
		};
		B29049F824855E7500DA9569 /* Release */ = {
			isa = XCBuildConfiguration;
			buildSettings = {
				ASSETCATALOG_COMPILER_APPICON_NAME = AppIcon;
				CODE_SIGN_ENTITLEMENTS = BenefitManager/BenefitManager.entitlements;
				CODE_SIGN_IDENTITY = "-";
				CODE_SIGN_STYLE = Automatic;
				COMBINE_HIDPI_IMAGES = YES;
				DEVELOPMENT_TEAM = GM36ZRA62C;
				ENABLE_HARDENED_RUNTIME = YES;
				INFOPLIST_FILE = BenefitManager/Info.plist;
				LD_RUNPATH_SEARCH_PATHS = (
					"$(inherited)",
					"@executable_path/../Frameworks",
				);
				PRODUCT_BUNDLE_IDENTIFIER = PersonalSystem.BenefitManager;
				PRODUCT_NAME = "$(TARGET_NAME)";
				SWIFT_VERSION = 5.0;
			};
			name = Release;
		};
		B29049FA24855E7500DA9569 /* Debug */ = {
			isa = XCBuildConfiguration;
			buildSettings = {
				ALWAYS_EMBED_SWIFT_STANDARD_LIBRARIES = YES;
				BUNDLE_LOADER = "$(TEST_HOST)";
				CODE_SIGN_STYLE = Automatic;
				COMBINE_HIDPI_IMAGES = YES;
				DEVELOPMENT_TEAM = GM36ZRA62C;
				INFOPLIST_FILE = BenefitManagerTests/Info.plist;
				LD_RUNPATH_SEARCH_PATHS = (
					"$(inherited)",
					"@executable_path/../Frameworks",
					"@loader_path/../Frameworks",
				);
				MACOSX_DEPLOYMENT_TARGET = 10.15;
				PRODUCT_BUNDLE_IDENTIFIER = PersonalSystem.BenefitManagerTests;
				PRODUCT_NAME = "$(TARGET_NAME)";
				SWIFT_VERSION = 5.0;
				TEST_HOST = "$(BUILT_PRODUCTS_DIR)/BenefitManager.app/Contents/MacOS/BenefitManager";
			};
			name = Debug;
		};
		B29049FB24855E7500DA9569 /* Release */ = {
			isa = XCBuildConfiguration;
			buildSettings = {
				ALWAYS_EMBED_SWIFT_STANDARD_LIBRARIES = YES;
				BUNDLE_LOADER = "$(TEST_HOST)";
				CODE_SIGN_STYLE = Automatic;
				COMBINE_HIDPI_IMAGES = YES;
				DEVELOPMENT_TEAM = GM36ZRA62C;
				INFOPLIST_FILE = BenefitManagerTests/Info.plist;
				LD_RUNPATH_SEARCH_PATHS = (
					"$(inherited)",
					"@executable_path/../Frameworks",
					"@loader_path/../Frameworks",
				);
				MACOSX_DEPLOYMENT_TARGET = 10.15;
				PRODUCT_BUNDLE_IDENTIFIER = PersonalSystem.BenefitManagerTests;
				PRODUCT_NAME = "$(TARGET_NAME)";
				SWIFT_VERSION = 5.0;
				TEST_HOST = "$(BUILT_PRODUCTS_DIR)/BenefitManager.app/Contents/MacOS/BenefitManager";
			};
			name = Release;
		};
		B29049FD24855E7500DA9569 /* Debug */ = {
			isa = XCBuildConfiguration;
			buildSettings = {
				ALWAYS_EMBED_SWIFT_STANDARD_LIBRARIES = YES;
				CODE_SIGN_STYLE = Automatic;
				COMBINE_HIDPI_IMAGES = YES;
				DEVELOPMENT_TEAM = GM36ZRA62C;
				INFOPLIST_FILE = BenefitManagerUITests/Info.plist;
				LD_RUNPATH_SEARCH_PATHS = (
					"$(inherited)",
					"@executable_path/../Frameworks",
					"@loader_path/../Frameworks",
				);
				PRODUCT_BUNDLE_IDENTIFIER = PersonalSystem.BenefitManagerUITests;
				PRODUCT_NAME = "$(TARGET_NAME)";
				SWIFT_VERSION = 5.0;
				TEST_TARGET_NAME = BenefitManager;
			};
			name = Debug;
		};
		B29049FE24855E7500DA9569 /* Release */ = {
			isa = XCBuildConfiguration;
			buildSettings = {
				ALWAYS_EMBED_SWIFT_STANDARD_LIBRARIES = YES;
				CODE_SIGN_STYLE = Automatic;
				COMBINE_HIDPI_IMAGES = YES;
				DEVELOPMENT_TEAM = GM36ZRA62C;
				INFOPLIST_FILE = BenefitManagerUITests/Info.plist;
				LD_RUNPATH_SEARCH_PATHS = (
					"$(inherited)",
					"@executable_path/../Frameworks",
					"@loader_path/../Frameworks",
				);
				PRODUCT_BUNDLE_IDENTIFIER = PersonalSystem.BenefitManagerUITests;
				PRODUCT_NAME = "$(TARGET_NAME)";
				SWIFT_VERSION = 5.0;
				TEST_TARGET_NAME = BenefitManager;
			};
			name = Release;
		};
/* End XCBuildConfiguration section */

/* Begin XCConfigurationList section */
		B29049CD24855E7200DA9569 /* Build configuration list for PBXProject "BenefitManager" */ = {
			isa = XCConfigurationList;
			buildConfigurations = (
				B29049F424855E7500DA9569 /* Debug */,
				B29049F524855E7500DA9569 /* Release */,
			);
			defaultConfigurationIsVisible = 0;
			defaultConfigurationName = Release;
		};
		B29049F624855E7500DA9569 /* Build configuration list for PBXNativeTarget "BenefitManager" */ = {
			isa = XCConfigurationList;
			buildConfigurations = (
				B29049F724855E7500DA9569 /* Debug */,
				B29049F824855E7500DA9569 /* Release */,
			);
			defaultConfigurationIsVisible = 0;
			defaultConfigurationName = Release;
		};
		B29049F924855E7500DA9569 /* Build configuration list for PBXNativeTarget "BenefitManagerTests" */ = {
			isa = XCConfigurationList;
			buildConfigurations = (
				B29049FA24855E7500DA9569 /* Debug */,
				B29049FB24855E7500DA9569 /* Release */,
			);
			defaultConfigurationIsVisible = 0;
			defaultConfigurationName = Release;
		};
		B29049FC24855E7500DA9569 /* Build configuration list for PBXNativeTarget "BenefitManagerUITests" */ = {
			isa = XCConfigurationList;
			buildConfigurations = (
				B29049FD24855E7500DA9569 /* Debug */,
				B29049FE24855E7500DA9569 /* Release */,
			);
			defaultConfigurationIsVisible = 0;
			defaultConfigurationName = Release;
		};
/* End XCConfigurationList section */
	};
	rootObject = B29049CA24855E7200DA9569 /* Project object */;
}
